
Microsoft Visual Studio Solution File, Format Version 12.00
# Visual Studio 14
VisualStudioVersion = 14.0.25420.1
MinimumVisualStudioVersion = 10.0.40219.1
Project("{FAE04EC0-301F-11D3-BF4B-00C04F79EFBC}") = "FirstApp", "FirstApp\FirstApp\FirstApp.csproj", "{32F7806D-5B4E-4D37-9CB7-3C7242C3E991}"
EndProject
Project("{FAE04EC0-301F-11D3-BF4B-00C04F79EFBC}") = "FirstApp.Droid", "FirstApp\FirstApp.Droid\FirstApp.Droid.csproj", "{5F6F12A3-BC9B-4F73-B9E0-911B919D372B}"
EndProject
Project("{FAE04EC0-301F-11D3-BF4B-00C04F79EFBC}") = "FirstApp.iOS", "FirstApp\FirstApp.iOS\FirstApp.iOS.csproj", "{42FD6A90-FBBF-4FEA-B79A-1DFEA45D0F22}"
EndProject
Project("{FAE04EC0-301F-11D3-BF4B-00C04F79EFBC}") = "FirstApp.WinPhone", "FirstApp\FirstApp.WinPhone\FirstApp.WinPhone.csproj", "{EA68C83E-4C80-4465-9ED2-6B1B42F39272}"
EndProject
Project("{FAE04EC0-301F-11D3-BF4B-00C04F79EFBC}") = "FirstApp.Windows", "FirstApp\FirstApp.Windows\FirstApp.Windows.csproj", "{B6DBA771-DA22-4757-BDE1-236BB272252B}"
EndProject
Project("{FAE04EC0-301F-11D3-BF4B-00C04F79EFBC}") = "UITest1", "UITest1\UITest1.csproj", "{B36E4D2F-BF54-4DEA-A843-D3AB00865D73}"
EndProject
Project("{FAE04EC0-301F-11D3-BF4B-00C04F79EFBC}") = "UWP", "UWP\UWP.csproj", "{122D8ABF-12FD-4EE4-8D27-A8F8D0389F59}"
EndProject
Global
	GlobalSection(SolutionConfigurationPlatforms) = preSolution
		Ad-Hoc|Any CPU = Ad-Hoc|Any CPU
		Ad-Hoc|ARM = Ad-Hoc|ARM
		Ad-Hoc|iPhone = Ad-Hoc|iPhone
		Ad-Hoc|iPhoneSimulator = Ad-Hoc|iPhoneSimulator
		Ad-Hoc|x64 = Ad-Hoc|x64
		Ad-Hoc|x86 = Ad-Hoc|x86
		AppStore|Any CPU = AppStore|Any CPU
		AppStore|ARM = AppStore|ARM
		AppStore|iPhone = AppStore|iPhone
		AppStore|iPhoneSimulator = AppStore|iPhoneSimulator
		AppStore|x64 = AppStore|x64
		AppStore|x86 = AppStore|x86
		Debug|Any CPU = Debug|Any CPU
		Debug|ARM = Debug|ARM
		Debug|iPhone = Debug|iPhone
		Debug|iPhoneSimulator = Debug|iPhoneSimulator
		Debug|x64 = Debug|x64
		Debug|x86 = Debug|x86
		Release|Any CPU = Release|Any CPU
		Release|ARM = Release|ARM
		Release|iPhone = Release|iPhone
		Release|iPhoneSimulator = Release|iPhoneSimulator
		Release|x64 = Release|x64
		Release|x86 = Release|x86
	EndGlobalSection
	GlobalSection(ProjectConfigurationPlatforms) = postSolution
		{32F7806D-5B4E-4D37-9CB7-3C7242C3E991}.Ad-Hoc|Any CPU.ActiveCfg = Release|Any CPU
		{32F7806D-5B4E-4D37-9CB7-3C7242C3E991}.Ad-Hoc|Any CPU.Build.0 = Release|Any CPU
		{32F7806D-5B4E-4D37-9CB7-3C7242C3E991}.Ad-Hoc|ARM.ActiveCfg = Release|Any CPU
		{32F7806D-5B4E-4D37-9CB7-3C7242C3E991}.Ad-Hoc|ARM.Build.0 = Release|Any CPU
		{32F7806D-5B4E-4D37-9CB7-3C7242C3E991}.Ad-Hoc|iPhone.ActiveCfg = Release|Any CPU
		{32F7806D-5B4E-4D37-9CB7-3C7242C3E991}.Ad-Hoc|iPhone.Build.0 = Release|Any CPU
		{32F7806D-5B4E-4D37-9CB7-3C7242C3E991}.Ad-Hoc|iPhoneSimulator.ActiveCfg = Release|Any CPU
		{32F7806D-5B4E-4D37-9CB7-3C7242C3E991}.Ad-Hoc|iPhoneSimulator.Build.0 = Release|Any CPU
		{32F7806D-5B4E-4D37-9CB7-3C7242C3E991}.Ad-Hoc|x64.ActiveCfg = Release|Any CPU
		{32F7806D-5B4E-4D37-9CB7-3C7242C3E991}.Ad-Hoc|x64.Build.0 = Release|Any CPU
		{32F7806D-5B4E-4D37-9CB7-3C7242C3E991}.Ad-Hoc|x86.ActiveCfg = Release|Any CPU
		{32F7806D-5B4E-4D37-9CB7-3C7242C3E991}.Ad-Hoc|x86.Build.0 = Release|Any CPU
		{32F7806D-5B4E-4D37-9CB7-3C7242C3E991}.AppStore|Any CPU.ActiveCfg = Release|Any CPU
		{32F7806D-5B4E-4D37-9CB7-3C7242C3E991}.AppStore|Any CPU.Build.0 = Release|Any CPU
		{32F7806D-5B4E-4D37-9CB7-3C7242C3E991}.AppStore|ARM.ActiveCfg = Release|Any CPU
		{32F7806D-5B4E-4D37-9CB7-3C7242C3E991}.AppStore|ARM.Build.0 = Release|Any CPU
		{32F7806D-5B4E-4D37-9CB7-3C7242C3E991}.AppStore|iPhone.ActiveCfg = Release|Any CPU
		{32F7806D-5B4E-4D37-9CB7-3C7242C3E991}.AppStore|iPhone.Build.0 = Release|Any CPU
		{32F7806D-5B4E-4D37-9CB7-3C7242C3E991}.AppStore|iPhoneSimulator.ActiveCfg = Release|Any CPU
		{32F7806D-5B4E-4D37-9CB7-3C7242C3E991}.AppStore|iPhoneSimulator.Build.0 = Release|Any CPU
		{32F7806D-5B4E-4D37-9CB7-3C7242C3E991}.AppStore|x64.ActiveCfg = Release|Any CPU
		{32F7806D-5B4E-4D37-9CB7-3C7242C3E991}.AppStore|x64.Build.0 = Release|Any CPU
		{32F7806D-5B4E-4D37-9CB7-3C7242C3E991}.AppStore|x86.ActiveCfg = Release|Any CPU
		{32F7806D-5B4E-4D37-9CB7-3C7242C3E991}.AppStore|x86.Build.0 = Release|Any CPU
		{32F7806D-5B4E-4D37-9CB7-3C7242C3E991}.Debug|Any CPU.ActiveCfg = Debug|Any CPU
		{32F7806D-5B4E-4D37-9CB7-3C7242C3E991}.Debug|Any CPU.Build.0 = Debug|Any CPU
		{32F7806D-5B4E-4D37-9CB7-3C7242C3E991}.Debug|ARM.ActiveCfg = Debug|Any CPU
		{32F7806D-5B4E-4D37-9CB7-3C7242C3E991}.Debug|ARM.Build.0 = Debug|Any CPU
		{32F7806D-5B4E-4D37-9CB7-3C7242C3E991}.Debug|iPhone.ActiveCfg = Debug|Any CPU
		{32F7806D-5B4E-4D37-9CB7-3C7242C3E991}.Debug|iPhone.Build.0 = Debug|Any CPU
		{32F7806D-5B4E-4D37-9CB7-3C7242C3E991}.Debug|iPhoneSimulator.ActiveCfg = Debug|Any CPU
		{32F7806D-5B4E-4D37-9CB7-3C7242C3E991}.Debug|iPhoneSimulator.Build.0 = Debug|Any CPU
		{32F7806D-5B4E-4D37-9CB7-3C7242C3E991}.Debug|x64.ActiveCfg = Debug|Any CPU
		{32F7806D-5B4E-4D37-9CB7-3C7242C3E991}.Debug|x64.Build.0 = Debug|Any CPU
		{32F7806D-5B4E-4D37-9CB7-3C7242C3E991}.Debug|x86.ActiveCfg = Debug|Any CPU
		{32F7806D-5B4E-4D37-9CB7-3C7242C3E991}.Debug|x86.Build.0 = Debug|Any CPU
		{32F7806D-5B4E-4D37-9CB7-3C7242C3E991}.Release|Any CPU.ActiveCfg = Release|Any CPU
		{32F7806D-5B4E-4D37-9CB7-3C7242C3E991}.Release|Any CPU.Build.0 = Release|Any CPU
		{32F7806D-5B4E-4D37-9CB7-3C7242C3E991}.Release|ARM.ActiveCfg = Release|Any CPU
		{32F7806D-5B4E-4D37-9CB7-3C7242C3E991}.Release|ARM.Build.0 = Release|Any CPU
		{32F7806D-5B4E-4D37-9CB7-3C7242C3E991}.Release|iPhone.ActiveCfg = Release|Any CPU
		{32F7806D-5B4E-4D37-9CB7-3C7242C3E991}.Release|iPhone.Build.0 = Release|Any CPU
		{32F7806D-5B4E-4D37-9CB7-3C7242C3E991}.Release|iPhoneSimulator.ActiveCfg = Release|Any CPU
		{32F7806D-5B4E-4D37-9CB7-3C7242C3E991}.Release|iPhoneSimulator.Build.0 = Release|Any CPU
		{32F7806D-5B4E-4D37-9CB7-3C7242C3E991}.Release|x64.ActiveCfg = Release|Any CPU
		{32F7806D-5B4E-4D37-9CB7-3C7242C3E991}.Release|x64.Build.0 = Release|Any CPU
		{32F7806D-5B4E-4D37-9CB7-3C7242C3E991}.Release|x86.ActiveCfg = Release|Any CPU
		{32F7806D-5B4E-4D37-9CB7-3C7242C3E991}.Release|x86.Build.0 = Release|Any CPU
		{5F6F12A3-BC9B-4F73-B9E0-911B919D372B}.Ad-Hoc|Any CPU.ActiveCfg = Release|Any CPU
		{5F6F12A3-BC9B-4F73-B9E0-911B919D372B}.Ad-Hoc|Any CPU.Build.0 = Release|Any CPU
		{5F6F12A3-BC9B-4F73-B9E0-911B919D372B}.Ad-Hoc|Any CPU.Deploy.0 = Release|Any CPU
		{5F6F12A3-BC9B-4F73-B9E0-911B919D372B}.Ad-Hoc|ARM.ActiveCfg = Release|Any CPU
		{5F6F12A3-BC9B-4F73-B9E0-911B919D372B}.Ad-Hoc|ARM.Build.0 = Release|Any CPU
		{5F6F12A3-BC9B-4F73-B9E0-911B919D372B}.Ad-Hoc|ARM.Deploy.0 = Release|Any CPU
		{5F6F12A3-BC9B-4F73-B9E0-911B919D372B}.Ad-Hoc|iPhone.ActiveCfg = Release|Any CPU
		{5F6F12A3-BC9B-4F73-B9E0-911B919D372B}.Ad-Hoc|iPhone.Build.0 = Release|Any CPU
		{5F6F12A3-BC9B-4F73-B9E0-911B919D372B}.Ad-Hoc|iPhone.Deploy.0 = Release|Any CPU
		{5F6F12A3-BC9B-4F73-B9E0-911B919D372B}.Ad-Hoc|iPhoneSimulator.ActiveCfg = Release|Any CPU
		{5F6F12A3-BC9B-4F73-B9E0-911B919D372B}.Ad-Hoc|iPhoneSimulator.Build.0 = Release|Any CPU
		{5F6F12A3-BC9B-4F73-B9E0-911B919D372B}.Ad-Hoc|iPhoneSimulator.Deploy.0 = Release|Any CPU
		{5F6F12A3-BC9B-4F73-B9E0-911B919D372B}.Ad-Hoc|x64.ActiveCfg = Release|Any CPU
		{5F6F12A3-BC9B-4F73-B9E0-911B919D372B}.Ad-Hoc|x64.Build.0 = Release|Any CPU
		{5F6F12A3-BC9B-4F73-B9E0-911B919D372B}.Ad-Hoc|x64.Deploy.0 = Release|Any CPU
		{5F6F12A3-BC9B-4F73-B9E0-911B919D372B}.Ad-Hoc|x86.ActiveCfg = Release|Any CPU
		{5F6F12A3-BC9B-4F73-B9E0-911B919D372B}.Ad-Hoc|x86.Build.0 = Release|Any CPU
		{5F6F12A3-BC9B-4F73-B9E0-911B919D372B}.Ad-Hoc|x86.Deploy.0 = Release|Any CPU
		{5F6F12A3-BC9B-4F73-B9E0-911B919D372B}.AppStore|Any CPU.ActiveCfg = Release|Any CPU
		{5F6F12A3-BC9B-4F73-B9E0-911B919D372B}.AppStore|Any CPU.Build.0 = Release|Any CPU
		{5F6F12A3-BC9B-4F73-B9E0-911B919D372B}.AppStore|Any CPU.Deploy.0 = Release|Any CPU
		{5F6F12A3-BC9B-4F73-B9E0-911B919D372B}.AppStore|ARM.ActiveCfg = Release|Any CPU
		{5F6F12A3-BC9B-4F73-B9E0-911B919D372B}.AppStore|ARM.Build.0 = Release|Any CPU
		{5F6F12A3-BC9B-4F73-B9E0-911B919D372B}.AppStore|ARM.Deploy.0 = Release|Any CPU
		{5F6F12A3-BC9B-4F73-B9E0-911B919D372B}.AppStore|iPhone.ActiveCfg = Release|Any CPU
		{5F6F12A3-BC9B-4F73-B9E0-911B919D372B}.AppStore|iPhone.Build.0 = Release|Any CPU
		{5F6F12A3-BC9B-4F73-B9E0-911B919D372B}.AppStore|iPhone.Deploy.0 = Release|Any CPU
		{5F6F12A3-BC9B-4F73-B9E0-911B919D372B}.AppStore|iPhoneSimulator.ActiveCfg = Release|Any CPU
		{5F6F12A3-BC9B-4F73-B9E0-911B919D372B}.AppStore|iPhoneSimulator.Build.0 = Release|Any CPU
		{5F6F12A3-BC9B-4F73-B9E0-911B919D372B}.AppStore|iPhoneSimulator.Deploy.0 = Release|Any CPU
		{5F6F12A3-BC9B-4F73-B9E0-911B919D372B}.AppStore|x64.ActiveCfg = Release|Any CPU
		{5F6F12A3-BC9B-4F73-B9E0-911B919D372B}.AppStore|x64.Build.0 = Release|Any CPU
		{5F6F12A3-BC9B-4F73-B9E0-911B919D372B}.AppStore|x64.Deploy.0 = Release|Any CPU
		{5F6F12A3-BC9B-4F73-B9E0-911B919D372B}.AppStore|x86.ActiveCfg = Release|Any CPU
		{5F6F12A3-BC9B-4F73-B9E0-911B919D372B}.AppStore|x86.Build.0 = Release|Any CPU
		{5F6F12A3-BC9B-4F73-B9E0-911B919D372B}.AppStore|x86.Deploy.0 = Release|Any CPU
		{5F6F12A3-BC9B-4F73-B9E0-911B919D372B}.Debug|Any CPU.ActiveCfg = Debug|Any CPU
		{5F6F12A3-BC9B-4F73-B9E0-911B919D372B}.Debug|Any CPU.Build.0 = Debug|Any CPU
		{5F6F12A3-BC9B-4F73-B9E0-911B919D372B}.Debug|Any CPU.Deploy.0 = Debug|Any CPU
		{5F6F12A3-BC9B-4F73-B9E0-911B919D372B}.Debug|ARM.ActiveCfg = Debug|Any CPU
		{5F6F12A3-BC9B-4F73-B9E0-911B919D372B}.Debug|ARM.Build.0 = Debug|Any CPU
		{5F6F12A3-BC9B-4F73-B9E0-911B919D372B}.Debug|ARM.Deploy.0 = Debug|Any CPU
		{5F6F12A3-BC9B-4F73-B9E0-911B919D372B}.Debug|iPhone.ActiveCfg = Debug|Any CPU
		{5F6F12A3-BC9B-4F73-B9E0-911B919D372B}.Debug|iPhone.Build.0 = Debug|Any CPU
		{5F6F12A3-BC9B-4F73-B9E0-911B919D372B}.Debug|iPhone.Deploy.0 = Debug|Any CPU
		{5F6F12A3-BC9B-4F73-B9E0-911B919D372B}.Debug|iPhoneSimulator.ActiveCfg = Debug|Any CPU
		{5F6F12A3-BC9B-4F73-B9E0-911B919D372B}.Debug|iPhoneSimulator.Build.0 = Debug|Any CPU
		{5F6F12A3-BC9B-4F73-B9E0-911B919D372B}.Debug|iPhoneSimulator.Deploy.0 = Debug|Any CPU
		{5F6F12A3-BC9B-4F73-B9E0-911B919D372B}.Debug|x64.ActiveCfg = Debug|Any CPU
		{5F6F12A3-BC9B-4F73-B9E0-911B919D372B}.Debug|x64.Build.0 = Debug|Any CPU
		{5F6F12A3-BC9B-4F73-B9E0-911B919D372B}.Debug|x64.Deploy.0 = Debug|Any CPU
		{5F6F12A3-BC9B-4F73-B9E0-911B919D372B}.Debug|x86.ActiveCfg = Debug|Any CPU
		{5F6F12A3-BC9B-4F73-B9E0-911B919D372B}.Debug|x86.Build.0 = Debug|Any CPU
		{5F6F12A3-BC9B-4F73-B9E0-911B919D372B}.Debug|x86.Deploy.0 = Debug|Any CPU
		{5F6F12A3-BC9B-4F73-B9E0-911B919D372B}.Release|Any CPU.ActiveCfg = Release|Any CPU
		{5F6F12A3-BC9B-4F73-B9E0-911B919D372B}.Release|Any CPU.Build.0 = Release|Any CPU
		{5F6F12A3-BC9B-4F73-B9E0-911B919D372B}.Release|Any CPU.Deploy.0 = Release|Any CPU
		{5F6F12A3-BC9B-4F73-B9E0-911B919D372B}.Release|ARM.ActiveCfg = Release|Any CPU
		{5F6F12A3-BC9B-4F73-B9E0-911B919D372B}.Release|ARM.Build.0 = Release|Any CPU
		{5F6F12A3-BC9B-4F73-B9E0-911B919D372B}.Release|ARM.Deploy.0 = Release|Any CPU
		{5F6F12A3-BC9B-4F73-B9E0-911B919D372B}.Release|iPhone.ActiveCfg = Release|Any CPU
		{5F6F12A3-BC9B-4F73-B9E0-911B919D372B}.Release|iPhone.Build.0 = Release|Any CPU
		{5F6F12A3-BC9B-4F73-B9E0-911B919D372B}.Release|iPhone.Deploy.0 = Release|Any CPU
		{5F6F12A3-BC9B-4F73-B9E0-911B919D372B}.Release|iPhoneSimulator.ActiveCfg = Release|Any CPU
		{5F6F12A3-BC9B-4F73-B9E0-911B919D372B}.Release|iPhoneSimulator.Build.0 = Release|Any CPU
		{5F6F12A3-BC9B-4F73-B9E0-911B919D372B}.Release|iPhoneSimulator.Deploy.0 = Release|Any CPU
		{5F6F12A3-BC9B-4F73-B9E0-911B919D372B}.Release|x64.ActiveCfg = Release|Any CPU
		{5F6F12A3-BC9B-4F73-B9E0-911B919D372B}.Release|x64.Build.0 = Release|Any CPU
		{5F6F12A3-BC9B-4F73-B9E0-911B919D372B}.Release|x64.Deploy.0 = Release|Any CPU
		{5F6F12A3-BC9B-4F73-B9E0-911B919D372B}.Release|x86.ActiveCfg = Release|Any CPU
		{5F6F12A3-BC9B-4F73-B9E0-911B919D372B}.Release|x86.Build.0 = Release|Any CPU
		{5F6F12A3-BC9B-4F73-B9E0-911B919D372B}.Release|x86.Deploy.0 = Release|Any CPU
		{42FD6A90-FBBF-4FEA-B79A-1DFEA45D0F22}.Ad-Hoc|Any CPU.ActiveCfg = Ad-Hoc|iPhone
		{42FD6A90-FBBF-4FEA-B79A-1DFEA45D0F22}.Ad-Hoc|ARM.ActiveCfg = Ad-Hoc|iPhone
		{42FD6A90-FBBF-4FEA-B79A-1DFEA45D0F22}.Ad-Hoc|iPhone.ActiveCfg = Ad-Hoc|iPhone
		{42FD6A90-FBBF-4FEA-B79A-1DFEA45D0F22}.Ad-Hoc|iPhone.Build.0 = Ad-Hoc|iPhone
		{42FD6A90-FBBF-4FEA-B79A-1DFEA45D0F22}.Ad-Hoc|iPhoneSimulator.ActiveCfg = Ad-Hoc|iPhoneSimulator
		{42FD6A90-FBBF-4FEA-B79A-1DFEA45D0F22}.Ad-Hoc|iPhoneSimulator.Build.0 = Ad-Hoc|iPhoneSimulator
		{42FD6A90-FBBF-4FEA-B79A-1DFEA45D0F22}.Ad-Hoc|x64.ActiveCfg = Ad-Hoc|iPhone
		{42FD6A90-FBBF-4FEA-B79A-1DFEA45D0F22}.Ad-Hoc|x86.ActiveCfg = Ad-Hoc|iPhone
		{42FD6A90-FBBF-4FEA-B79A-1DFEA45D0F22}.AppStore|Any CPU.ActiveCfg = AppStore|iPhone
		{42FD6A90-FBBF-4FEA-B79A-1DFEA45D0F22}.AppStore|ARM.ActiveCfg = AppStore|iPhone
		{42FD6A90-FBBF-4FEA-B79A-1DFEA45D0F22}.AppStore|iPhone.ActiveCfg = AppStore|iPhone
		{42FD6A90-FBBF-4FEA-B79A-1DFEA45D0F22}.AppStore|iPhone.Build.0 = AppStore|iPhone
		{42FD6A90-FBBF-4FEA-B79A-1DFEA45D0F22}.AppStore|iPhoneSimulator.ActiveCfg = AppStore|iPhoneSimulator
		{42FD6A90-FBBF-4FEA-B79A-1DFEA45D0F22}.AppStore|iPhoneSimulator.Build.0 = AppStore|iPhoneSimulator
		{42FD6A90-FBBF-4FEA-B79A-1DFEA45D0F22}.AppStore|x64.ActiveCfg = AppStore|iPhone
		{42FD6A90-FBBF-4FEA-B79A-1DFEA45D0F22}.AppStore|x86.ActiveCfg = AppStore|iPhone
		{42FD6A90-FBBF-4FEA-B79A-1DFEA45D0F22}.Debug|Any CPU.ActiveCfg = Debug|iPhone
		{42FD6A90-FBBF-4FEA-B79A-1DFEA45D0F22}.Debug|ARM.ActiveCfg = Debug|iPhone
		{42FD6A90-FBBF-4FEA-B79A-1DFEA45D0F22}.Debug|iPhone.ActiveCfg = Debug|iPhone
		{42FD6A90-FBBF-4FEA-B79A-1DFEA45D0F22}.Debug|iPhone.Build.0 = Debug|iPhone
		{42FD6A90-FBBF-4FEA-B79A-1DFEA45D0F22}.Debug|iPhoneSimulator.ActiveCfg = Debug|iPhoneSimulator
		{42FD6A90-FBBF-4FEA-B79A-1DFEA45D0F22}.Debug|iPhoneSimulator.Build.0 = Debug|iPhoneSimulator
		{42FD6A90-FBBF-4FEA-B79A-1DFEA45D0F22}.Debug|x64.ActiveCfg = Debug|iPhone
		{42FD6A90-FBBF-4FEA-B79A-1DFEA45D0F22}.Debug|x86.ActiveCfg = Debug|iPhone
		{42FD6A90-FBBF-4FEA-B79A-1DFEA45D0F22}.Release|Any CPU.ActiveCfg = Release|iPhone
		{42FD6A90-FBBF-4FEA-B79A-1DFEA45D0F22}.Release|ARM.ActiveCfg = Release|iPhone
		{42FD6A90-FBBF-4FEA-B79A-1DFEA45D0F22}.Release|iPhone.ActiveCfg = Release|iPhone
		{42FD6A90-FBBF-4FEA-B79A-1DFEA45D0F22}.Release|iPhone.Build.0 = Release|iPhone
		{42FD6A90-FBBF-4FEA-B79A-1DFEA45D0F22}.Release|iPhoneSimulator.ActiveCfg = Release|iPhoneSimulator
		{42FD6A90-FBBF-4FEA-B79A-1DFEA45D0F22}.Release|iPhoneSimulator.Build.0 = Release|iPhoneSimulator
		{42FD6A90-FBBF-4FEA-B79A-1DFEA45D0F22}.Release|x64.ActiveCfg = Release|iPhone
		{42FD6A90-FBBF-4FEA-B79A-1DFEA45D0F22}.Release|x86.ActiveCfg = Release|iPhone
		{EA68C83E-4C80-4465-9ED2-6B1B42F39272}.Ad-Hoc|Any CPU.ActiveCfg = Release|Any CPU
		{EA68C83E-4C80-4465-9ED2-6B1B42F39272}.Ad-Hoc|Any CPU.Build.0 = Release|Any CPU
		{EA68C83E-4C80-4465-9ED2-6B1B42F39272}.Ad-Hoc|Any CPU.Deploy.0 = Release|Any CPU
		{EA68C83E-4C80-4465-9ED2-6B1B42F39272}.Ad-Hoc|ARM.ActiveCfg = Release|ARM
		{EA68C83E-4C80-4465-9ED2-6B1B42F39272}.Ad-Hoc|ARM.Build.0 = Release|ARM
		{EA68C83E-4C80-4465-9ED2-6B1B42F39272}.Ad-Hoc|ARM.Deploy.0 = Release|ARM
		{EA68C83E-4C80-4465-9ED2-6B1B42F39272}.Ad-Hoc|iPhone.ActiveCfg = Release|Any CPU
		{EA68C83E-4C80-4465-9ED2-6B1B42F39272}.Ad-Hoc|iPhone.Build.0 = Release|Any CPU
		{EA68C83E-4C80-4465-9ED2-6B1B42F39272}.Ad-Hoc|iPhone.Deploy.0 = Release|Any CPU
		{EA68C83E-4C80-4465-9ED2-6B1B42F39272}.Ad-Hoc|iPhoneSimulator.ActiveCfg = Release|Any CPU
		{EA68C83E-4C80-4465-9ED2-6B1B42F39272}.Ad-Hoc|iPhoneSimulator.Build.0 = Release|Any CPU
		{EA68C83E-4C80-4465-9ED2-6B1B42F39272}.Ad-Hoc|iPhoneSimulator.Deploy.0 = Release|Any CPU
		{EA68C83E-4C80-4465-9ED2-6B1B42F39272}.Ad-Hoc|x64.ActiveCfg = Release|Any CPU
		{EA68C83E-4C80-4465-9ED2-6B1B42F39272}.Ad-Hoc|x64.Build.0 = Release|Any CPU
		{EA68C83E-4C80-4465-9ED2-6B1B42F39272}.Ad-Hoc|x64.Deploy.0 = Release|Any CPU
		{EA68C83E-4C80-4465-9ED2-6B1B42F39272}.Ad-Hoc|x86.ActiveCfg = Release|x86
		{EA68C83E-4C80-4465-9ED2-6B1B42F39272}.Ad-Hoc|x86.Build.0 = Release|x86
		{EA68C83E-4C80-4465-9ED2-6B1B42F39272}.Ad-Hoc|x86.Deploy.0 = Release|x86
		{EA68C83E-4C80-4465-9ED2-6B1B42F39272}.AppStore|Any CPU.ActiveCfg = Release|Any CPU
		{EA68C83E-4C80-4465-9ED2-6B1B42F39272}.AppStore|Any CPU.Build.0 = Release|Any CPU
		{EA68C83E-4C80-4465-9ED2-6B1B42F39272}.AppStore|Any CPU.Deploy.0 = Release|Any CPU
		{EA68C83E-4C80-4465-9ED2-6B1B42F39272}.AppStore|ARM.ActiveCfg = Release|ARM
		{EA68C83E-4C80-4465-9ED2-6B1B42F39272}.AppStore|ARM.Build.0 = Release|ARM
		{EA68C83E-4C80-4465-9ED2-6B1B42F39272}.AppStore|ARM.Deploy.0 = Release|ARM
		{EA68C83E-4C80-4465-9ED2-6B1B42F39272}.AppStore|iPhone.ActiveCfg = Release|Any CPU
		{EA68C83E-4C80-4465-9ED2-6B1B42F39272}.AppStore|iPhone.Build.0 = Release|Any CPU
		{EA68C83E-4C80-4465-9ED2-6B1B42F39272}.AppStore|iPhone.Deploy.0 = Release|Any CPU
		{EA68C83E-4C80-4465-9ED2-6B1B42F39272}.AppStore|iPhoneSimulator.ActiveCfg = Release|Any CPU
		{EA68C83E-4C80-4465-9ED2-6B1B42F39272}.AppStore|iPhoneSimulator.Build.0 = Release|Any CPU
		{EA68C83E-4C80-4465-9ED2-6B1B42F39272}.AppStore|iPhoneSimulator.Deploy.0 = Release|Any CPU
		{EA68C83E-4C80-4465-9ED2-6B1B42F39272}.AppStore|x64.ActiveCfg = Release|Any CPU
		{EA68C83E-4C80-4465-9ED2-6B1B42F39272}.AppStore|x64.Build.0 = Release|Any CPU
		{EA68C83E-4C80-4465-9ED2-6B1B42F39272}.AppStore|x64.Deploy.0 = Release|Any CPU
		{EA68C83E-4C80-4465-9ED2-6B1B42F39272}.AppStore|x86.ActiveCfg = Release|x86
		{EA68C83E-4C80-4465-9ED2-6B1B42F39272}.AppStore|x86.Build.0 = Release|x86
		{EA68C83E-4C80-4465-9ED2-6B1B42F39272}.AppStore|x86.Deploy.0 = Release|x86
		{EA68C83E-4C80-4465-9ED2-6B1B42F39272}.Debug|Any CPU.ActiveCfg = Debug|Any CPU
		{EA68C83E-4C80-4465-9ED2-6B1B42F39272}.Debug|Any CPU.Build.0 = Debug|Any CPU
		{EA68C83E-4C80-4465-9ED2-6B1B42F39272}.Debug|Any CPU.Deploy.0 = Debug|Any CPU
		{EA68C83E-4C80-4465-9ED2-6B1B42F39272}.Debug|ARM.ActiveCfg = Debug|ARM
		{EA68C83E-4C80-4465-9ED2-6B1B42F39272}.Debug|ARM.Build.0 = Debug|ARM
		{EA68C83E-4C80-4465-9ED2-6B1B42F39272}.Debug|ARM.Deploy.0 = Debug|ARM
		{EA68C83E-4C80-4465-9ED2-6B1B42F39272}.Debug|iPhone.ActiveCfg = Debug|Any CPU
		{EA68C83E-4C80-4465-9ED2-6B1B42F39272}.Debug|iPhone.Build.0 = Debug|Any CPU
		{EA68C83E-4C80-4465-9ED2-6B1B42F39272}.Debug|iPhone.Deploy.0 = Debug|Any CPU
		{EA68C83E-4C80-4465-9ED2-6B1B42F39272}.Debug|iPhoneSimulator.ActiveCfg = Debug|Any CPU
		{EA68C83E-4C80-4465-9ED2-6B1B42F39272}.Debug|iPhoneSimulator.Build.0 = Debug|Any CPU
		{EA68C83E-4C80-4465-9ED2-6B1B42F39272}.Debug|iPhoneSimulator.Deploy.0 = Debug|Any CPU
		{EA68C83E-4C80-4465-9ED2-6B1B42F39272}.Debug|x64.ActiveCfg = Debug|Any CPU
		{EA68C83E-4C80-4465-9ED2-6B1B42F39272}.Debug|x64.Build.0 = Debug|Any CPU
		{EA68C83E-4C80-4465-9ED2-6B1B42F39272}.Debug|x64.Deploy.0 = Debug|Any CPU
		{EA68C83E-4C80-4465-9ED2-6B1B42F39272}.Debug|x86.ActiveCfg = Debug|x86
		{EA68C83E-4C80-4465-9ED2-6B1B42F39272}.Debug|x86.Build.0 = Debug|x86
		{EA68C83E-4C80-4465-9ED2-6B1B42F39272}.Debug|x86.Deploy.0 = Debug|x86
		{EA68C83E-4C80-4465-9ED2-6B1B42F39272}.Release|Any CPU.ActiveCfg = Release|Any CPU
		{EA68C83E-4C80-4465-9ED2-6B1B42F39272}.Release|Any CPU.Build.0 = Release|Any CPU
		{EA68C83E-4C80-4465-9ED2-6B1B42F39272}.Release|Any CPU.Deploy.0 = Release|Any CPU
		{EA68C83E-4C80-4465-9ED2-6B1B42F39272}.Release|ARM.ActiveCfg = Release|ARM
		{EA68C83E-4C80-4465-9ED2-6B1B42F39272}.Release|ARM.Build.0 = Release|ARM
		{EA68C83E-4C80-4465-9ED2-6B1B42F39272}.Release|ARM.Deploy.0 = Release|ARM
		{EA68C83E-4C80-4465-9ED2-6B1B42F39272}.Release|iPhone.ActiveCfg = Release|Any CPU
		{EA68C83E-4C80-4465-9ED2-6B1B42F39272}.Release|iPhone.Build.0 = Release|Any CPU
		{EA68C83E-4C80-4465-9ED2-6B1B42F39272}.Release|iPhone.Deploy.0 = Release|Any CPU
		{EA68C83E-4C80-4465-9ED2-6B1B42F39272}.Release|iPhoneSimulator.ActiveCfg = Release|Any CPU
		{EA68C83E-4C80-4465-9ED2-6B1B42F39272}.Release|iPhoneSimulator.Build.0 = Release|Any CPU
		{EA68C83E-4C80-4465-9ED2-6B1B42F39272}.Release|iPhoneSimulator.Deploy.0 = Release|Any CPU
		{EA68C83E-4C80-4465-9ED2-6B1B42F39272}.Release|x64.ActiveCfg = Release|Any CPU
		{EA68C83E-4C80-4465-9ED2-6B1B42F39272}.Release|x64.Build.0 = Release|Any CPU
		{EA68C83E-4C80-4465-9ED2-6B1B42F39272}.Release|x64.Deploy.0 = Release|Any CPU
		{EA68C83E-4C80-4465-9ED2-6B1B42F39272}.Release|x86.ActiveCfg = Release|x86
		{EA68C83E-4C80-4465-9ED2-6B1B42F39272}.Release|x86.Build.0 = Release|x86
		{EA68C83E-4C80-4465-9ED2-6B1B42F39272}.Release|x86.Deploy.0 = Release|x86
		{B6DBA771-DA22-4757-BDE1-236BB272252B}.Ad-Hoc|Any CPU.ActiveCfg = Release|Any CPU
		{B6DBA771-DA22-4757-BDE1-236BB272252B}.Ad-Hoc|Any CPU.Build.0 = Release|Any CPU
		{B6DBA771-DA22-4757-BDE1-236BB272252B}.Ad-Hoc|Any CPU.Deploy.0 = Release|Any CPU
		{B6DBA771-DA22-4757-BDE1-236BB272252B}.Ad-Hoc|ARM.ActiveCfg = Release|ARM
		{B6DBA771-DA22-4757-BDE1-236BB272252B}.Ad-Hoc|ARM.Build.0 = Release|ARM
		{B6DBA771-DA22-4757-BDE1-236BB272252B}.Ad-Hoc|ARM.Deploy.0 = Release|ARM
		{B6DBA771-DA22-4757-BDE1-236BB272252B}.Ad-Hoc|iPhone.ActiveCfg = Release|Any CPU
		{B6DBA771-DA22-4757-BDE1-236BB272252B}.Ad-Hoc|iPhone.Build.0 = Release|Any CPU
		{B6DBA771-DA22-4757-BDE1-236BB272252B}.Ad-Hoc|iPhone.Deploy.0 = Release|Any CPU
		{B6DBA771-DA22-4757-BDE1-236BB272252B}.Ad-Hoc|iPhoneSimulator.ActiveCfg = Release|Any CPU
		{B6DBA771-DA22-4757-BDE1-236BB272252B}.Ad-Hoc|iPhoneSimulator.Build.0 = Release|Any CPU
		{B6DBA771-DA22-4757-BDE1-236BB272252B}.Ad-Hoc|iPhoneSimulator.Deploy.0 = Release|Any CPU
		{B6DBA771-DA22-4757-BDE1-236BB272252B}.Ad-Hoc|x64.ActiveCfg = Release|x64
		{B6DBA771-DA22-4757-BDE1-236BB272252B}.Ad-Hoc|x64.Build.0 = Release|x64
		{B6DBA771-DA22-4757-BDE1-236BB272252B}.Ad-Hoc|x64.Deploy.0 = Release|x64
		{B6DBA771-DA22-4757-BDE1-236BB272252B}.Ad-Hoc|x86.ActiveCfg = Release|x86
		{B6DBA771-DA22-4757-BDE1-236BB272252B}.Ad-Hoc|x86.Build.0 = Release|x86
		{B6DBA771-DA22-4757-BDE1-236BB272252B}.Ad-Hoc|x86.Deploy.0 = Release|x86
		{B6DBA771-DA22-4757-BDE1-236BB272252B}.AppStore|Any CPU.ActiveCfg = Release|Any CPU
		{B6DBA771-DA22-4757-BDE1-236BB272252B}.AppStore|Any CPU.Build.0 = Release|Any CPU
		{B6DBA771-DA22-4757-BDE1-236BB272252B}.AppStore|Any CPU.Deploy.0 = Release|Any CPU
		{B6DBA771-DA22-4757-BDE1-236BB272252B}.AppStore|ARM.ActiveCfg = Release|ARM
		{B6DBA771-DA22-4757-BDE1-236BB272252B}.AppStore|ARM.Build.0 = Release|ARM
		{B6DBA771-DA22-4757-BDE1-236BB272252B}.AppStore|ARM.Deploy.0 = Release|ARM
		{B6DBA771-DA22-4757-BDE1-236BB272252B}.AppStore|iPhone.ActiveCfg = Release|Any CPU
		{B6DBA771-DA22-4757-BDE1-236BB272252B}.AppStore|iPhone.Build.0 = Release|Any CPU
		{B6DBA771-DA22-4757-BDE1-236BB272252B}.AppStore|iPhone.Deploy.0 = Release|Any CPU
		{B6DBA771-DA22-4757-BDE1-236BB272252B}.AppStore|iPhoneSimulator.ActiveCfg = Release|Any CPU
		{B6DBA771-DA22-4757-BDE1-236BB272252B}.AppStore|iPhoneSimulator.Build.0 = Release|Any CPU
		{B6DBA771-DA22-4757-BDE1-236BB272252B}.AppStore|iPhoneSimulator.Deploy.0 = Release|Any CPU
		{B6DBA771-DA22-4757-BDE1-236BB272252B}.AppStore|x64.ActiveCfg = Release|x64
		{B6DBA771-DA22-4757-BDE1-236BB272252B}.AppStore|x64.Build.0 = Release|x64
		{B6DBA771-DA22-4757-BDE1-236BB272252B}.AppStore|x64.Deploy.0 = Release|x64
		{B6DBA771-DA22-4757-BDE1-236BB272252B}.AppStore|x86.ActiveCfg = Release|x86
		{B6DBA771-DA22-4757-BDE1-236BB272252B}.AppStore|x86.Build.0 = Release|x86
		{B6DBA771-DA22-4757-BDE1-236BB272252B}.AppStore|x86.Deploy.0 = Release|x86
		{B6DBA771-DA22-4757-BDE1-236BB272252B}.Debug|Any CPU.ActiveCfg = Debug|Any CPU
		{B6DBA771-DA22-4757-BDE1-236BB272252B}.Debug|Any CPU.Build.0 = Debug|Any CPU
		{B6DBA771-DA22-4757-BDE1-236BB272252B}.Debug|Any CPU.Deploy.0 = Debug|Any CPU
		{B6DBA771-DA22-4757-BDE1-236BB272252B}.Debug|ARM.ActiveCfg = Debug|ARM
		{B6DBA771-DA22-4757-BDE1-236BB272252B}.Debug|ARM.Build.0 = Debug|ARM
		{B6DBA771-DA22-4757-BDE1-236BB272252B}.Debug|ARM.Deploy.0 = Debug|ARM
		{B6DBA771-DA22-4757-BDE1-236BB272252B}.Debug|iPhone.ActiveCfg = Debug|Any CPU
		{B6DBA771-DA22-4757-BDE1-236BB272252B}.Debug|iPhone.Build.0 = Debug|Any CPU
		{B6DBA771-DA22-4757-BDE1-236BB272252B}.Debug|iPhone.Deploy.0 = Debug|Any CPU
		{B6DBA771-DA22-4757-BDE1-236BB272252B}.Debug|iPhoneSimulator.ActiveCfg = Debug|Any CPU
		{B6DBA771-DA22-4757-BDE1-236BB272252B}.Debug|iPhoneSimulator.Build.0 = Debug|Any CPU
		{B6DBA771-DA22-4757-BDE1-236BB272252B}.Debug|iPhoneSimulator.Deploy.0 = Debug|Any CPU
		{B6DBA771-DA22-4757-BDE1-236BB272252B}.Debug|x64.ActiveCfg = Debug|x64
		{B6DBA771-DA22-4757-BDE1-236BB272252B}.Debug|x64.Build.0 = Debug|x64
		{B6DBA771-DA22-4757-BDE1-236BB272252B}.Debug|x64.Deploy.0 = Debug|x64
		{B6DBA771-DA22-4757-BDE1-236BB272252B}.Debug|x86.ActiveCfg = Debug|x86
		{B6DBA771-DA22-4757-BDE1-236BB272252B}.Debug|x86.Build.0 = Debug|x86
		{B6DBA771-DA22-4757-BDE1-236BB272252B}.Debug|x86.Deploy.0 = Debug|x86
		{B6DBA771-DA22-4757-BDE1-236BB272252B}.Release|Any CPU.ActiveCfg = Release|Any CPU
		{B6DBA771-DA22-4757-BDE1-236BB272252B}.Release|Any CPU.Build.0 = Release|Any CPU
		{B6DBA771-DA22-4757-BDE1-236BB272252B}.Release|Any CPU.Deploy.0 = Release|Any CPU
		{B6DBA771-DA22-4757-BDE1-236BB272252B}.Release|ARM.ActiveCfg = Release|ARM
		{B6DBA771-DA22-4757-BDE1-236BB272252B}.Release|ARM.Build.0 = Release|ARM
		{B6DBA771-DA22-4757-BDE1-236BB272252B}.Release|ARM.Deploy.0 = Release|ARM
		{B6DBA771-DA22-4757-BDE1-236BB272252B}.Release|iPhone.ActiveCfg = Release|Any CPU
		{B6DBA771-DA22-4757-BDE1-236BB272252B}.Release|iPhone.Build.0 = Release|Any CPU
		{B6DBA771-DA22-4757-BDE1-236BB272252B}.Release|iPhone.Deploy.0 = Release|Any CPU
		{B6DBA771-DA22-4757-BDE1-236BB272252B}.Release|iPhoneSimulator.ActiveCfg = Release|Any CPU
		{B6DBA771-DA22-4757-BDE1-236BB272252B}.Release|iPhoneSimulator.Build.0 = Release|Any CPU
		{B6DBA771-DA22-4757-BDE1-236BB272252B}.Release|iPhoneSimulator.Deploy.0 = Release|Any CPU
		{B6DBA771-DA22-4757-BDE1-236BB272252B}.Release|x64.ActiveCfg = Release|x64
		{B6DBA771-DA22-4757-BDE1-236BB272252B}.Release|x64.Build.0 = Release|x64
		{B6DBA771-DA22-4757-BDE1-236BB272252B}.Release|x64.Deploy.0 = Release|x64
		{B6DBA771-DA22-4757-BDE1-236BB272252B}.Release|x86.ActiveCfg = Release|x86
		{B6DBA771-DA22-4757-BDE1-236BB272252B}.Release|x86.Build.0 = Release|x86
		{B6DBA771-DA22-4757-BDE1-236BB272252B}.Release|x86.Deploy.0 = Release|x86
		{B36E4D2F-BF54-4DEA-A843-D3AB00865D73}.Ad-Hoc|Any CPU.ActiveCfg = Release|Any CPU
		{B36E4D2F-BF54-4DEA-A843-D3AB00865D73}.Ad-Hoc|Any CPU.Build.0 = Release|Any CPU
		{B36E4D2F-BF54-4DEA-A843-D3AB00865D73}.Ad-Hoc|ARM.ActiveCfg = Release|Any CPU
		{B36E4D2F-BF54-4DEA-A843-D3AB00865D73}.Ad-Hoc|ARM.Build.0 = Release|Any CPU
		{B36E4D2F-BF54-4DEA-A843-D3AB00865D73}.Ad-Hoc|iPhone.ActiveCfg = Release|Any CPU
		{B36E4D2F-BF54-4DEA-A843-D3AB00865D73}.Ad-Hoc|iPhone.Build.0 = Release|Any CPU
		{B36E4D2F-BF54-4DEA-A843-D3AB00865D73}.Ad-Hoc|iPhoneSimulator.ActiveCfg = Release|Any CPU
		{B36E4D2F-BF54-4DEA-A843-D3AB00865D73}.Ad-Hoc|iPhoneSimulator.Build.0 = Release|Any CPU
		{B36E4D2F-BF54-4DEA-A843-D3AB00865D73}.Ad-Hoc|x64.ActiveCfg = Release|Any CPU
		{B36E4D2F-BF54-4DEA-A843-D3AB00865D73}.Ad-Hoc|x64.Build.0 = Release|Any CPU
		{B36E4D2F-BF54-4DEA-A843-D3AB00865D73}.Ad-Hoc|x86.ActiveCfg = Release|Any CPU
		{B36E4D2F-BF54-4DEA-A843-D3AB00865D73}.Ad-Hoc|x86.Build.0 = Release|Any CPU
		{B36E4D2F-BF54-4DEA-A843-D3AB00865D73}.AppStore|Any CPU.ActiveCfg = Release|Any CPU
		{B36E4D2F-BF54-4DEA-A843-D3AB00865D73}.AppStore|Any CPU.Build.0 = Release|Any CPU
		{B36E4D2F-BF54-4DEA-A843-D3AB00865D73}.AppStore|ARM.ActiveCfg = Release|Any CPU
		{B36E4D2F-BF54-4DEA-A843-D3AB00865D73}.AppStore|ARM.Build.0 = Release|Any CPU
		{B36E4D2F-BF54-4DEA-A843-D3AB00865D73}.AppStore|iPhone.ActiveCfg = Release|Any CPU
		{B36E4D2F-BF54-4DEA-A843-D3AB00865D73}.AppStore|iPhone.Build.0 = Release|Any CPU
		{B36E4D2F-BF54-4DEA-A843-D3AB00865D73}.AppStore|iPhoneSimulator.ActiveCfg = Release|Any CPU
		{B36E4D2F-BF54-4DEA-A843-D3AB00865D73}.AppStore|iPhoneSimulator.Build.0 = Release|Any CPU
		{B36E4D2F-BF54-4DEA-A843-D3AB00865D73}.AppStore|x64.ActiveCfg = Release|Any CPU
		{B36E4D2F-BF54-4DEA-A843-D3AB00865D73}.AppStore|x64.Build.0 = Release|Any CPU
		{B36E4D2F-BF54-4DEA-A843-D3AB00865D73}.AppStore|x86.ActiveCfg = Release|Any CPU
		{B36E4D2F-BF54-4DEA-A843-D3AB00865D73}.AppStore|x86.Build.0 = Release|Any CPU
		{B36E4D2F-BF54-4DEA-A843-D3AB00865D73}.Debug|Any CPU.ActiveCfg = Debug|Any CPU
		{B36E4D2F-BF54-4DEA-A843-D3AB00865D73}.Debug|Any CPU.Build.0 = Debug|Any CPU
		{B36E4D2F-BF54-4DEA-A843-D3AB00865D73}.Debug|ARM.ActiveCfg = Debug|Any CPU
		{B36E4D2F-BF54-4DEA-A843-D3AB00865D73}.Debug|ARM.Build.0 = Debug|Any CPU
		{B36E4D2F-BF54-4DEA-A843-D3AB00865D73}.Debug|iPhone.ActiveCfg = Debug|Any CPU
		{B36E4D2F-BF54-4DEA-A843-D3AB00865D73}.Debug|iPhone.Build.0 = Debug|Any CPU
		{B36E4D2F-BF54-4DEA-A843-D3AB00865D73}.Debug|iPhoneSimulator.ActiveCfg = Debug|Any CPU
		{B36E4D2F-BF54-4DEA-A843-D3AB00865D73}.Debug|iPhoneSimulator.Build.0 = Debug|Any CPU
		{B36E4D2F-BF54-4DEA-A843-D3AB00865D73}.Debug|x64.ActiveCfg = Debug|Any CPU
		{B36E4D2F-BF54-4DEA-A843-D3AB00865D73}.Debug|x64.Build.0 = Debug|Any CPU
		{B36E4D2F-BF54-4DEA-A843-D3AB00865D73}.Debug|x86.ActiveCfg = Debug|Any CPU
		{B36E4D2F-BF54-4DEA-A843-D3AB00865D73}.Debug|x86.Build.0 = Debug|Any CPU
		{B36E4D2F-BF54-4DEA-A843-D3AB00865D73}.Release|Any CPU.ActiveCfg = Release|Any CPU
		{B36E4D2F-BF54-4DEA-A843-D3AB00865D73}.Release|Any CPU.Build.0 = Release|Any CPU
		{B36E4D2F-BF54-4DEA-A843-D3AB00865D73}.Release|ARM.ActiveCfg = Release|Any CPU
		{B36E4D2F-BF54-4DEA-A843-D3AB00865D73}.Release|ARM.Build.0 = Release|Any CPU
		{B36E4D2F-BF54-4DEA-A843-D3AB00865D73}.Release|iPhone.ActiveCfg = Release|Any CPU
		{B36E4D2F-BF54-4DEA-A843-D3AB00865D73}.Release|iPhone.Build.0 = Release|Any CPU
		{B36E4D2F-BF54-4DEA-A843-D3AB00865D73}.Release|iPhoneSimulator.ActiveCfg = Release|Any CPU
		{B36E4D2F-BF54-4DEA-A843-D3AB00865D73}.Release|iPhoneSimulator.Build.0 = Release|Any CPU
		{B36E4D2F-BF54-4DEA-A843-D3AB00865D73}.Release|x64.ActiveCfg = Release|Any CPU
		{B36E4D2F-BF54-4DEA-A843-D3AB00865D73}.Release|x64.Build.0 = Release|Any CPU
		{B36E4D2F-BF54-4DEA-A843-D3AB00865D73}.Release|x86.ActiveCfg = Release|Any CPU
		{B36E4D2F-BF54-4DEA-A843-D3AB00865D73}.Release|x86.Build.0 = Release|Any CPU
		{122D8ABF-12FD-4EE4-8D27-A8F8D0389F59}.Ad-Hoc|Any CPU.ActiveCfg = Release|x64
		{122D8ABF-12FD-4EE4-8D27-A8F8D0389F59}.Ad-Hoc|Any CPU.Build.0 = Release|x64
		{122D8ABF-12FD-4EE4-8D27-A8F8D0389F59}.Ad-Hoc|Any CPU.Deploy.0 = Release|x64
		{122D8ABF-12FD-4EE4-8D27-A8F8D0389F59}.Ad-Hoc|ARM.ActiveCfg = Release|ARM
		{122D8ABF-12FD-4EE4-8D27-A8F8D0389F59}.Ad-Hoc|ARM.Build.0 = Release|ARM
		{122D8ABF-12FD-4EE4-8D27-A8F8D0389F59}.Ad-Hoc|ARM.Deploy.0 = Release|ARM
		{122D8ABF-12FD-4EE4-8D27-A8F8D0389F59}.Ad-Hoc|iPhone.ActiveCfg = Release|x64
		{122D8ABF-12FD-4EE4-8D27-A8F8D0389F59}.Ad-Hoc|iPhone.Build.0 = Release|x64
		{122D8ABF-12FD-4EE4-8D27-A8F8D0389F59}.Ad-Hoc|iPhone.Deploy.0 = Release|x64
		{122D8ABF-12FD-4EE4-8D27-A8F8D0389F59}.Ad-Hoc|iPhoneSimulator.ActiveCfg = Release|x64
		{122D8ABF-12FD-4EE4-8D27-A8F8D0389F59}.Ad-Hoc|iPhoneSimulator.Build.0 = Release|x64
		{122D8ABF-12FD-4EE4-8D27-A8F8D0389F59}.Ad-Hoc|iPhoneSimulator.Deploy.0 = Release|x64
		{122D8ABF-12FD-4EE4-8D27-A8F8D0389F59}.Ad-Hoc|x64.ActiveCfg = Release|x64
		{122D8ABF-12FD-4EE4-8D27-A8F8D0389F59}.Ad-Hoc|x64.Build.0 = Release|x64
		{122D8ABF-12FD-4EE4-8D27-A8F8D0389F59}.Ad-Hoc|x64.Deploy.0 = Release|x64
		{122D8ABF-12FD-4EE4-8D27-A8F8D0389F59}.Ad-Hoc|x86.ActiveCfg = Release|x86
		{122D8ABF-12FD-4EE4-8D27-A8F8D0389F59}.Ad-Hoc|x86.Build.0 = Release|x86
		{122D8ABF-12FD-4EE4-8D27-A8F8D0389F59}.Ad-Hoc|x86.Deploy.0 = Release|x86
		{122D8ABF-12FD-4EE4-8D27-A8F8D0389F59}.AppStore|Any CPU.ActiveCfg = Release|x64
		{122D8ABF-12FD-4EE4-8D27-A8F8D0389F59}.AppStore|Any CPU.Build.0 = Release|x64
		{122D8ABF-12FD-4EE4-8D27-A8F8D0389F59}.AppStore|Any CPU.Deploy.0 = Release|x64
		{122D8ABF-12FD-4EE4-8D27-A8F8D0389F59}.AppStore|ARM.ActiveCfg = Release|ARM
		{122D8ABF-12FD-4EE4-8D27-A8F8D0389F59}.AppStore|ARM.Build.0 = Release|ARM
		{122D8ABF-12FD-4EE4-8D27-A8F8D0389F59}.AppStore|ARM.Deploy.0 = Release|ARM
		{122D8ABF-12FD-4EE4-8D27-A8F8D0389F59}.AppStore|iPhone.ActiveCfg = Release|x64
		{122D8ABF-12FD-4EE4-8D27-A8F8D0389F59}.AppStore|iPhone.Build.0 = Release|x64
		{122D8ABF-12FD-4EE4-8D27-A8F8D0389F59}.AppStore|iPhone.Deploy.0 = Release|x64
		{122D8ABF-12FD-4EE4-8D27-A8F8D0389F59}.AppStore|iPhoneSimulator.ActiveCfg = Release|x64
		{122D8ABF-12FD-4EE4-8D27-A8F8D0389F59}.AppStore|iPhoneSimulator.Build.0 = Release|x64
		{122D8ABF-12FD-4EE4-8D27-A8F8D0389F59}.AppStore|iPhoneSimulator.Deploy.0 = Release|x64
		{122D8ABF-12FD-4EE4-8D27-A8F8D0389F59}.AppStore|x64.ActiveCfg = Release|x64
		{122D8ABF-12FD-4EE4-8D27-A8F8D0389F59}.AppStore|x64.Build.0 = Release|x64
		{122D8ABF-12FD-4EE4-8D27-A8F8D0389F59}.AppStore|x64.Deploy.0 = Release|x64
		{122D8ABF-12FD-4EE4-8D27-A8F8D0389F59}.AppStore|x86.ActiveCfg = Release|x86
		{122D8ABF-12FD-4EE4-8D27-A8F8D0389F59}.AppStore|x86.Build.0 = Release|x86
		{122D8ABF-12FD-4EE4-8D27-A8F8D0389F59}.AppStore|x86.Deploy.0 = Release|x86
		{122D8ABF-12FD-4EE4-8D27-A8F8D0389F59}.Debug|Any CPU.ActiveCfg = Debug|x86
		{122D8ABF-12FD-4EE4-8D27-A8F8D0389F59}.Debug|ARM.ActiveCfg = Debug|ARM
		{122D8ABF-12FD-4EE4-8D27-A8F8D0389F59}.Debug|ARM.Build.0 = Debug|ARM
		{122D8ABF-12FD-4EE4-8D27-A8F8D0389F59}.Debug|ARM.Deploy.0 = Debug|ARM
		{122D8ABF-12FD-4EE4-8D27-A8F8D0389F59}.Debug|iPhone.ActiveCfg = Debug|x86
		{122D8ABF-12FD-4EE4-8D27-A8F8D0389F59}.Debug|iPhoneSimulator.ActiveCfg = Debug|x86
		{122D8ABF-12FD-4EE4-8D27-A8F8D0389F59}.Debug|x64.ActiveCfg = Debug|x64
		{122D8ABF-12FD-4EE4-8D27-A8F8D0389F59}.Debug|x64.Build.0 = Debug|x64
		{122D8ABF-12FD-4EE4-8D27-A8F8D0389F59}.Debug|x64.Deploy.0 = Debug|x64
		{122D8ABF-12FD-4EE4-8D27-A8F8D0389F59}.Debug|x86.ActiveCfg = Debug|x86
		{122D8ABF-12FD-4EE4-8D27-A8F8D0389F59}.Debug|x86.Build.0 = Debug|x86
		{122D8ABF-12FD-4EE4-8D27-A8F8D0389F59}.Debug|x86.Deploy.0 = Debug|x86
		{122D8ABF-12FD-4EE4-8D27-A8F8D0389F59}.Release|Any CPU.ActiveCfg = Release|x86
		{122D8ABF-12FD-4EE4-8D27-A8F8D0389F59}.Release|ARM.ActiveCfg = Release|ARM
		{122D8ABF-12FD-4EE4-8D27-A8F8D0389F59}.Release|ARM.Build.0 = Release|ARM
		{122D8ABF-12FD-4EE4-8D27-A8F8D0389F59}.Release|ARM.Deploy.0 = Release|ARM
		{122D8ABF-12FD-4EE4-8D27-A8F8D0389F59}.Release|iPhone.ActiveCfg = Release|x86
		{122D8ABF-12FD-4EE4-8D27-A8F8D0389F59}.Release|iPhoneSimulator.ActiveCfg = Release|x86
		{122D8ABF-12FD-4EE4-8D27-A8F8D0389F59}.Release|x64.ActiveCfg = Release|x64
		{122D8ABF-12FD-4EE4-8D27-A8F8D0389F59}.Release|x64.Build.0 = Release|x64
		{122D8ABF-12FD-4EE4-8D27-A8F8D0389F59}.Release|x64.Deploy.0 = Release|x64
		{122D8ABF-12FD-4EE4-8D27-A8F8D0389F59}.Release|x86.ActiveCfg = Release|x86
		{122D8ABF-12FD-4EE4-8D27-A8F8D0389F59}.Release|x86.Build.0 = Release|x86
		{122D8ABF-12FD-4EE4-8D27-A8F8D0389F59}.Release|x86.Deploy.0 = Release|x86
	EndGlobalSection
	GlobalSection(SolutionProperties) = preSolution
		HideSolutionNode = FALSE
	EndGlobalSection
EndGlobal
